
Microsoft Visual Studio Solution File, Format Version 12.00
# Visual Studio Version 16
VisualStudioVersion = 16.0.29306.81
MinimumVisualStudioVersion = 10.0.40219.1
Project("{2150E333-8FDC-42A3-9474-1A3956D46DE8}") = "Application", "Application", "{CCAAE70E-C554-47B5-9124-6193E96D6AF4}"
EndProject
Project("{2150E333-8FDC-42A3-9474-1A3956D46DE8}") = "Domain", "Domain", "{3B64EF03-89AB-47F1-AAC1-70425B2E2081}"
EndProject
Project("{2150E333-8FDC-42A3-9474-1A3956D46DE8}") = "Infra.IoC", "Infra.IoC", "{88FC928F-D016-4FA4-895D-34ABF9852B48}"
EndProject
Project("{2150E333-8FDC-42A3-9474-1A3956D46DE8}") = "Infra.Data", "Infra.Data", "{4D8E08E3-DAE5-401A-881B-312013662042}"
EndProject
Project("{2150E333-8FDC-42A3-9474-1A3956D46DE8}") = "Presentation", "Presentation", "{35BF9408-3B90-4575-BBF1-FAE2F40E8E8E}"
EndProject
Project("{9A19103F-16F7-4668-BE54-9A1E7A4F7556}") = "CleanArch.Mvc", "CleanArch.Mvc\CleanArch.Mvc.csproj", "{9A34288F-48BB-46FE-8E38-B9F3DEB2BFB2}"
EndProject
Project("{9A19103F-16F7-4668-BE54-9A1E7A4F7556}") = "CleanArch.Domain", "CleanArch.Domain\CleanArch.Domain.csproj", "{72C1D16D-6719-4D7E-9E99-2D0E81403ECF}"
EndProject
Project("{FAE04EC0-301F-11D3-BF4B-00C04F79EFBC}") = "CleanArch.Infra.Data", "CleanArch.Infra.Data\CleanArch.Infra.Data.csproj", "{B7FA9723-F5F9-4A1A-8D12-635A61CD4F69}"
EndProject
Project("{FAE04EC0-301F-11D3-BF4B-00C04F79EFBC}") = "CleanArch.Application", "CleanArch.Application\CleanArch.Application.csproj", "{549A78E0-EB32-4387-9537-D52A641EEF0B}"
EndProject
Project("{2150E333-8FDC-42A3-9474-1A3956D46DE8}") = "Interfaces", "Interfaces", "{5A1226B7-3605-4129-B2F0-01E7BBA001A1}"
EndProject
Project("{2150E333-8FDC-42A3-9474-1A3956D46DE8}") = "Services", "Services", "{8A2EE19F-DC7F-4F6F-BBF4-1E811067A626}"
EndProject
Project("{2150E333-8FDC-42A3-9474-1A3956D46DE8}") = "ViewModels", "ViewModels", "{909CD924-18C6-402F-B3C2-8E345384D6FC}"
EndProject
Global
	GlobalSection(SolutionConfigurationPlatforms) = preSolution
		Debug|Any CPU = Debug|Any CPU
		Release|Any CPU = Release|Any CPU
	EndGlobalSection
	GlobalSection(ProjectConfigurationPlatforms) = postSolution
		{9A34288F-48BB-46FE-8E38-B9F3DEB2BFB2}.Debug|Any CPU.ActiveCfg = Debug|Any CPU
		{9A34288F-48BB-46FE-8E38-B9F3DEB2BFB2}.Debug|Any CPU.Build.0 = Debug|Any CPU
		{9A34288F-48BB-46FE-8E38-B9F3DEB2BFB2}.Release|Any CPU.ActiveCfg = Release|Any CPU
		{9A34288F-48BB-46FE-8E38-B9F3DEB2BFB2}.Release|Any CPU.Build.0 = Release|Any CPU
		{72C1D16D-6719-4D7E-9E99-2D0E81403ECF}.Debug|Any CPU.ActiveCfg = Debug|Any CPU
		{72C1D16D-6719-4D7E-9E99-2D0E81403ECF}.Debug|Any CPU.Build.0 = Debug|Any CPU
		{72C1D16D-6719-4D7E-9E99-2D0E81403ECF}.Release|Any CPU.ActiveCfg = Release|Any CPU
		{72C1D16D-6719-4D7E-9E99-2D0E81403ECF}.Release|Any CPU.Build.0 = Release|Any CPU
		{B7FA9723-F5F9-4A1A-8D12-635A61CD4F69}.Debug|Any CPU.ActiveCfg = Debug|Any CPU
		{B7FA9723-F5F9-4A1A-8D12-635A61CD4F69}.Debug|Any CPU.Build.0 = Debug|Any CPU
		{B7FA9723-F5F9-4A1A-8D12-635A61CD4F69}.Release|Any CPU.ActiveCfg = Release|Any CPU
		{B7FA9723-F5F9-4A1A-8D12-635A61CD4F69}.Release|Any CPU.Build.0 = Release|Any CPU
		{549A78E0-EB32-4387-9537-D52A641EEF0B}.Debug|Any CPU.ActiveCfg = Debug|Any CPU
		{549A78E0-EB32-4387-9537-D52A641EEF0B}.Debug|Any CPU.Build.0 = Debug|Any CPU
		{549A78E0-EB32-4387-9537-D52A641EEF0B}.Release|Any CPU.ActiveCfg = Release|Any CPU
		{549A78E0-EB32-4387-9537-D52A641EEF0B}.Release|Any CPU.Build.0 = Release|Any CPU
	EndGlobalSection
	GlobalSection(SolutionProperties) = preSolution
		HideSolutionNode = FALSE
	EndGlobalSection
	GlobalSection(NestedProjects) = preSolution
		{9A34288F-48BB-46FE-8E38-B9F3DEB2BFB2} = {35BF9408-3B90-4575-BBF1-FAE2F40E8E8E}
		{72C1D16D-6719-4D7E-9E99-2D0E81403ECF} = {3B64EF03-89AB-47F1-AAC1-70425B2E2081}
		{B7FA9723-F5F9-4A1A-8D12-635A61CD4F69} = {4D8E08E3-DAE5-401A-881B-312013662042}
		{549A78E0-EB32-4387-9537-D52A641EEF0B} = {CCAAE70E-C554-47B5-9124-6193E96D6AF4}
		{5A1226B7-3605-4129-B2F0-01E7BBA001A1} = {CCAAE70E-C554-47B5-9124-6193E96D6AF4}
		{8A2EE19F-DC7F-4F6F-BBF4-1E811067A626} = {CCAAE70E-C554-47B5-9124-6193E96D6AF4}
		{909CD924-18C6-402F-B3C2-8E345384D6FC} = {CCAAE70E-C554-47B5-9124-6193E96D6AF4}
	EndGlobalSection
	GlobalSection(ExtensibilityGlobals) = postSolution
		SolutionGuid = {8023FF4D-9DC2-40BC-8858-9D7EA5F065D1}
	EndGlobalSection
EndGlobal
